
Microsoft Visual Studio Solution File, Format Version 12.00
# Visual Studio Version 17
VisualStudioVersion = 17.14.36121.58 d17.14
MinimumVisualStudioVersion = 10.0.40219.1
Project("{FAE04EC0-301F-11D3-BF4B-00C04F79EFBC}") = "AIJobMatch.Web", "AIJobMatch.Web\AIJobMatch.Web.csproj", "{96FB3FA9-B514-44FB-A83C-AE3EFD3B0E05}"
EndProject
Global
	GlobalSection(SolutionConfigurationPlatforms) = preSolution
		Debug|Any CPU = Debug|Any CPU
		Release|Any CPU = Release|Any CPU
	EndGlobalSection
	GlobalSection(ProjectConfigurationPlatforms) = postSolution
		{96FB3FA9-B514-44FB-A83C-AE3EFD3B0E05}.Debug|Any CPU.ActiveCfg = Debug|Any CPU
		{96FB3FA9-B514-44FB-A83C-AE3EFD3B0E05}.Debug|Any CPU.Build.0 = Debug|Any CPU
		{96FB3FA9-B514-44FB-A83C-AE3EFD3B0E05}.Release|Any CPU.ActiveCfg = Release|Any CPU
		{96FB3FA9-B514-44FB-A83C-AE3EFD3B0E05}.Release|Any CPU.Build.0 = Release|Any CPU
	EndGlobalSection
	GlobalSection(SolutionProperties) = preSolution
		HideSolutionNode = FALSE
	EndGlobalSection
	GlobalSection(ExtensibilityGlobals) = postSolution
		SolutionGuid = {267442B1-7DDE-45C3-B1F0-F4EC0C99E776}
	EndGlobalSection
EndGlobal
